{
  "version": 4,
  "terraform_version": "0.12.19",
  "serial": 60,
  "lineage": "602cf90a-615d-126b-1a2a-bde371c9572f",
  "outputs": {
    "instance_ips": {
      "value": [
        [
          "10.0.95.41",
          "10.0.94.189",
          "10.0.88.238",
          "10.0.88.112",
          "10.0.94.13",
          "10.0.86.19"
        ]
      ],
      "type": [
        "tuple",
        [
          [
            "tuple",
            [
              "string",
              "string",
              "string",
              "string",
              "string",
              "string"
            ]
          ]
        ]
      ]
    }
  },
  "resources": [
    {
      "mode": "managed",
      "type": "aws_instance",
      "name": "allmightbox",
      "each": "list",
      "provider": "provider.aws",
      "instances": [
        {
          "index_key": 0,
          "schema_version": 1,
          "attributes": {
            "ami": "ami-06ce3edf0cff21f07",
            "arn": "arn:aws:ec2:eu-west-1:898273216194:instance/i-0daf01c2227f746b1",
            "associate_public_ip_address": false,
            "availability_zone": "eu-west-1c",
            "cpu_core_count": 1,
            "cpu_threads_per_core": 1,
            "credit_specification": [
              {
                "cpu_credits": "standard"
              }
            ],
            "disable_api_termination": false,
            "ebs_block_device": [],
            "ebs_optimized": false,
            "ephemeral_block_device": [],
            "get_password_data": false,
            "host_id": null,
            "iam_instance_profile": "opsworks-cm-ec2-node-associate-role",
            "id": "i-0daf01c2227f746b1",
            "instance_initiated_shutdown_behavior": null,
            "instance_state": "running",
            "instance_type": "t2.micro",
            "ipv6_address_count": 0,
            "ipv6_addresses": [],
            "key_name": "hprudent",
            "monitoring": false,
            "network_interface": [],
            "network_interface_id": null,
            "password_data": "",
            "placement_group": "",
            "primary_network_interface_id": "eni-0f66c888f4308976c",
            "private_dns": "ip-10-0-95-41.eu-west-1.compute.internal",
            "private_ip": "10.0.95.41",
            "public_dns": "",
            "public_ip": "",
            "root_block_device": [
              {
                "delete_on_termination": true,
                "encrypted": false,
                "iops": 100,
                "kms_key_id": "",
                "volume_id": "vol-071b9f1ae0a486461",
                "volume_size": 8,
                "volume_type": "gp2"
              }
            ],
            "security_groups": [
              "sg-029886edab0f82f69"
            ],
            "source_dest_check": true,
            "subnet_id": "subnet-01a4bebfd46e31515",
            "tags": {
              "Name": "Yoda Amazon Linux 2 AMI ",
              "auto-delete": "never"
            },
            "tenancy": "default",
            "timeouts": null,
            "user_data": "5c752cb93f5a6c92fc62e8d61c113895297efa50",
            "user_data_base64": null,
            "volume_tags": {},
            "vpc_security_group_ids": [
              "sg-029886edab0f82f69"
            ]
          },
          "private": "eyJlMmJmYjczMC1lY2FhLTExZTYtOGY4OC0zNDM2M2JjN2M0YzAiOnsiY3JlYXRlIjo2MDAwMDAwMDAwMDAsImRlbGV0ZSI6MTIwMDAwMDAwMDAwMCwidXBkYXRlIjo2MDAwMDAwMDAwMDB9LCJzY2hlbWFfdmVyc2lvbiI6IjEifQ=="
        },
        {
          "index_key": 1,
          "schema_version": 1,
          "attributes": {
            "ami": "ami-0b4b2d87bdd32212a",
            "arn": "arn:aws:ec2:eu-west-1:898273216194:instance/i-076f88f291bbd7d4d",
            "associate_public_ip_address": false,
            "availability_zone": "eu-west-1c",
            "cpu_core_count": 1,
            "cpu_threads_per_core": 1,
            "credit_specification": [
              {
                "cpu_credits": "standard"
              }
            ],
            "disable_api_termination": false,
            "ebs_block_device": [],
            "ebs_optimized": false,
            "ephemeral_block_device": [],
            "get_password_data": false,
            "host_id": null,
            "iam_instance_profile": "opsworks-cm-ec2-node-associate-role",
            "id": "i-076f88f291bbd7d4d",
            "instance_initiated_shutdown_behavior": null,
            "instance_state": "running",
            "instance_type": "t2.micro",
            "ipv6_address_count": 0,
            "ipv6_addresses": [],
            "key_name": "hprudent",
            "monitoring": false,
            "network_interface": [],
            "network_interface_id": null,
            "password_data": "",
            "placement_group": "",
            "primary_network_interface_id": "eni-07b4022d2c28d8e09",
            "private_dns": "ip-10-0-94-189.eu-west-1.compute.internal",
            "private_ip": "10.0.94.189",
            "public_dns": "",
            "public_ip": "",
            "root_block_device": [
              {
                "delete_on_termination": true,
                "encrypted": false,
                "iops": 100,
                "kms_key_id": "",
                "volume_id": "vol-08ec6a12ea9b0b40e",
                "volume_size": 8,
                "volume_type": "gp2"
              }
            ],
            "security_groups": [
              "sg-029886edab0f82f69"
            ],
            "source_dest_check": true,
            "subnet_id": "subnet-01a4bebfd46e31515",
            "tags": {
              "Name": "Yoda Amazon Linux AMI 2018.03.0 ",
              "auto-delete": "never"
            },
            "tenancy": "default",
            "timeouts": null,
            "user_data": "5c752cb93f5a6c92fc62e8d61c113895297efa50",
            "user_data_base64": null,
            "volume_tags": {},
            "vpc_security_group_ids": [
              "sg-029886edab0f82f69"
            ]
          },
          "private": "eyJlMmJmYjczMC1lY2FhLTExZTYtOGY4OC0zNDM2M2JjN2M0YzAiOnsiY3JlYXRlIjo2MDAwMDAwMDAwMDAsImRlbGV0ZSI6MTIwMDAwMDAwMDAwMCwidXBkYXRlIjo2MDAwMDAwMDAwMDB9LCJzY2hlbWFfdmVyc2lvbiI6IjEifQ=="
        },
        {
          "index_key": 2,
          "schema_version": 1,
          "attributes": {
            "ami": "ami-08f4717d06813bf00",
            "arn": "arn:aws:ec2:eu-west-1:898273216194:instance/i-0c6f4ffd4aecf90f3",
            "associate_public_ip_address": false,
            "availability_zone": "eu-west-1c",
            "cpu_core_count": 1,
            "cpu_threads_per_core": 1,
            "credit_specification": [
              {
                "cpu_credits": "standard"
              }
            ],
            "disable_api_termination": false,
            "ebs_block_device": [],
            "ebs_optimized": false,
            "ephemeral_block_device": [],
            "get_password_data": false,
            "host_id": null,
            "iam_instance_profile": "opsworks-cm-ec2-node-associate-role",
            "id": "i-0c6f4ffd4aecf90f3",
            "instance_initiated_shutdown_behavior": null,
            "instance_state": "running",
            "instance_type": "t2.micro",
            "ipv6_address_count": 0,
            "ipv6_addresses": [],
            "key_name": "hprudent",
            "monitoring": false,
            "network_interface": [],
            "network_interface_id": null,
            "password_data": "",
            "placement_group": "",
            "primary_network_interface_id": "eni-0add2e88534d255c8",
            "private_dns": "ip-10-0-88-238.eu-west-1.compute.internal",
            "private_ip": "10.0.88.238",
            "public_dns": "",
            "public_ip": "",
            "root_block_device": [
              {
                "delete_on_termination": true,
                "encrypted": false,
                "iops": 100,
                "kms_key_id": "",
                "volume_id": "vol-0354ce79dee9f735b",
                "volume_size": 10,
                "volume_type": "gp2"
              }
            ],
            "security_groups": [
              "sg-029886edab0f82f69"
            ],
            "source_dest_check": true,
            "subnet_id": "subnet-01a4bebfd46e31515",
            "tags": {
              "Name": "Yoda Red Hat Enterprise Linux 8 (HVM)",
              "auto-delete": "never"
            },
            "tenancy": "default",
            "timeouts": null,
            "user_data": "5c752cb93f5a6c92fc62e8d61c113895297efa50",
            "user_data_base64": null,
            "volume_tags": {},
            "vpc_security_group_ids": [
              "sg-029886edab0f82f69"
            ]
          },
          "private": "eyJlMmJmYjczMC1lY2FhLTExZTYtOGY4OC0zNDM2M2JjN2M0YzAiOnsiY3JlYXRlIjo2MDAwMDAwMDAwMDAsImRlbGV0ZSI6MTIwMDAwMDAwMDAwMCwidXBkYXRlIjo2MDAwMDAwMDAwMDB9LCJzY2hlbWFfdmVyc2lvbiI6IjEifQ=="
        },
        {
          "index_key": 3,
          "schema_version": 1,
          "attributes": {
            "ami": "ami-02ecd61acb94c136d",
            "arn": "arn:aws:ec2:eu-west-1:898273216194:instance/i-080ad4c40f74a7b1b",
            "associate_public_ip_address": false,
            "availability_zone": "eu-west-1c",
            "cpu_core_count": 1,
            "cpu_threads_per_core": 1,
            "credit_specification": [
              {
                "cpu_credits": "standard"
              }
            ],
            "disable_api_termination": false,
            "ebs_block_device": [],
            "ebs_optimized": false,
            "ephemeral_block_device": [],
            "get_password_data": false,
            "host_id": null,
            "iam_instance_profile": "opsworks-cm-ec2-node-associate-role",
            "id": "i-080ad4c40f74a7b1b",
            "instance_initiated_shutdown_behavior": null,
            "instance_state": "running",
            "instance_type": "t2.micro",
            "ipv6_address_count": 0,
            "ipv6_addresses": [],
            "key_name": "hprudent",
            "monitoring": false,
            "network_interface": [],
            "network_interface_id": null,
            "password_data": "",
            "placement_group": "",
            "primary_network_interface_id": "eni-0b080fd8dc3b116a9",
            "private_dns": "ip-10-0-88-112.eu-west-1.compute.internal",
            "private_ip": "10.0.88.112",
            "public_dns": "",
            "public_ip": "",
            "root_block_device": [
              {
                "delete_on_termination": true,
                "encrypted": false,
                "iops": 100,
                "kms_key_id": "",
                "volume_id": "vol-074b05eb29a881f08",
                "volume_size": 10,
                "volume_type": "gp2"
              }
            ],
            "security_groups": [
              "sg-029886edab0f82f69"
            ],
            "source_dest_check": true,
            "subnet_id": "subnet-01a4bebfd46e31515",
            "tags": {
              "Name": "Yoda SUSE Linux Enterprise Server 15 SP1 () ",
              "auto-delete": "never"
            },
            "tenancy": "default",
            "timeouts": null,
            "user_data": "5c752cb93f5a6c92fc62e8d61c113895297efa50",
            "user_data_base64": null,
            "volume_tags": {},
            "vpc_security_group_ids": [
              "sg-029886edab0f82f69"
            ]
          },
          "private": "eyJlMmJmYjczMC1lY2FhLTExZTYtOGY4OC0zNDM2M2JjN2M0YzAiOnsiY3JlYXRlIjo2MDAwMDAwMDAwMDAsImRlbGV0ZSI6MTIwMDAwMDAwMDAwMCwidXBkYXRlIjo2MDAwMDAwMDAwMDB9LCJzY2hlbWFfdmVyc2lvbiI6IjEifQ=="
        },
        {
          "index_key": 4,
          "schema_version": 1,
          "attributes": {
            "ami": "ami-0701e7be9b2a77600",
            "arn": "arn:aws:ec2:eu-west-1:898273216194:instance/i-0ddc9793863105ac1",
            "associate_public_ip_address": false,
            "availability_zone": "eu-west-1c",
            "cpu_core_count": 1,
            "cpu_threads_per_core": 1,
            "credit_specification": [
              {
                "cpu_credits": "standard"
              }
            ],
            "disable_api_termination": false,
            "ebs_block_device": [],
            "ebs_optimized": false,
            "ephemeral_block_device": [],
            "get_password_data": false,
            "host_id": null,
            "iam_instance_profile": "opsworks-cm-ec2-node-associate-role",
            "id": "i-0ddc9793863105ac1",
            "instance_initiated_shutdown_behavior": null,
            "instance_state": "running",
            "instance_type": "t2.micro",
            "ipv6_address_count": 0,
            "ipv6_addresses": [],
            "key_name": "hprudent",
            "monitoring": false,
            "network_interface": [],
            "network_interface_id": null,
            "password_data": "",
            "placement_group": "",
            "primary_network_interface_id": "eni-058cc3d5dfee44726",
            "private_dns": "ip-10-0-94-13.eu-west-1.compute.internal",
            "private_ip": "10.0.94.13",
            "public_dns": "",
            "public_ip": "",
            "root_block_device": [
              {
                "delete_on_termination": true,
                "encrypted": false,
                "iops": 100,
                "kms_key_id": "",
                "volume_id": "vol-051ea7335d418e603",
                "volume_size": 8,
                "volume_type": "gp2"
              }
            ],
            "security_groups": [
              "sg-029886edab0f82f69"
            ],
            "source_dest_check": true,
            "subnet_id": "subnet-01a4bebfd46e31515",
            "tags": {
              "Name": "Yoda Ubuntu Server 18.04 LTS (HVM) ",
              "auto-delete": "never"
            },
            "tenancy": "default",
            "timeouts": null,
            "user_data": "5c752cb93f5a6c92fc62e8d61c113895297efa50",
            "user_data_base64": null,
            "volume_tags": {},
            "vpc_security_group_ids": [
              "sg-029886edab0f82f69"
            ]
          },
          "private": "eyJlMmJmYjczMC1lY2FhLTExZTYtOGY4OC0zNDM2M2JjN2M0YzAiOnsiY3JlYXRlIjo2MDAwMDAwMDAwMDAsImRlbGV0ZSI6MTIwMDAwMDAwMDAwMCwidXBkYXRlIjo2MDAwMDAwMDAwMDB9LCJzY2hlbWFfdmVyc2lvbiI6IjEifQ=="
        },
        {
          "index_key": 5,
          "schema_version": 1,
          "attributes": {
            "ami": "ami-0f2ed58082cb08a4d",
            "arn": "arn:aws:ec2:eu-west-1:898273216194:instance/i-0dc2828cb22648b1d",
            "associate_public_ip_address": false,
            "availability_zone": "eu-west-1c",
            "cpu_core_count": 1,
            "cpu_threads_per_core": 1,
            "credit_specification": [
              {
                "cpu_credits": "standard"
              }
            ],
            "disable_api_termination": false,
            "ebs_block_device": [],
            "ebs_optimized": false,
            "ephemeral_block_device": [],
            "get_password_data": false,
            "host_id": null,
            "iam_instance_profile": "opsworks-cm-ec2-node-associate-role",
            "id": "i-0dc2828cb22648b1d",
            "instance_initiated_shutdown_behavior": null,
            "instance_state": "running",
            "instance_type": "t2.micro",
            "ipv6_address_count": 0,
            "ipv6_addresses": [],
            "key_name": "hprudent",
            "monitoring": false,
            "network_interface": [],
            "network_interface_id": null,
            "password_data": "",
            "placement_group": "",
            "primary_network_interface_id": "eni-0ed4b6818495d64d0",
            "private_dns": "ip-10-0-86-19.eu-west-1.compute.internal",
            "private_ip": "10.0.86.19",
            "public_dns": "",
            "public_ip": "",
            "root_block_device": [
              {
                "delete_on_termination": true,
                "encrypted": false,
                "iops": 100,
                "kms_key_id": "",
                "volume_id": "vol-0bed564219f7ef030",
                "volume_size": 8,
                "volume_type": "gp2"
              }
            ],
            "security_groups": [
              "sg-029886edab0f82f69"
            ],
            "source_dest_check": true,
            "subnet_id": "subnet-01a4bebfd46e31515",
            "tags": {
              "Name": "Yoda Ubuntu Server 16.04 LTS (HVM) ",
              "auto-delete": "never"
            },
            "tenancy": "default",
            "timeouts": null,
            "user_data": "5c752cb93f5a6c92fc62e8d61c113895297efa50",
            "user_data_base64": null,
            "volume_tags": {},
            "vpc_security_group_ids": [
              "sg-029886edab0f82f69"
            ]
          },
          "private": "eyJlMmJmYjczMC1lY2FhLTExZTYtOGY4OC0zNDM2M2JjN2M0YzAiOnsiY3JlYXRlIjo2MDAwMDAwMDAwMDAsImRlbGV0ZSI6MTIwMDAwMDAwMDAwMCwidXBkYXRlIjo2MDAwMDAwMDAwMDB9LCJzY2hlbWFfdmVyc2lvbiI6IjEifQ=="
        }
      ]
    }
  ]
}
